
Microsoft Visual Studio Solution File, Format Version 12.00
# Visual Studio 2013
VisualStudioVersion = 12.0.31101.0
MinimumVisualStudioVersion = 10.0.40219.1
Project("{FAE04EC0-301F-11D3-BF4B-00C04F79EFBC}") = "TestProjectofSL", "TestProjectofSL\TestProjectofSL.csproj", "{44850237-B76A-4124-A3E9-5369BA62D89E}"
EndProject
Project("{FAE04EC0-301F-11D3-BF4B-00C04F79EFBC}") = "TestProjectofSL.Web", "TestProjectofSL.Web\TestProjectofSL.Web.csproj", "{7514F3B9-AB7A-42E3-8DC2-8B07B226AB06}"
EndProject
Project("{FAE04EC0-301F-11D3-BF4B-00C04F79EFBC}") = "slapiTest", "slapiTest\slapiTest.csproj", "{7AEFC481-12FA-4CA4-8F75-B5AB12AF3307}"
EndProject
Global
	GlobalSection(SolutionConfigurationPlatforms) = preSolution
		Debug|Any CPU = Debug|Any CPU
		Release|Any CPU = Release|Any CPU
	EndGlobalSection
	GlobalSection(ProjectConfigurationPlatforms) = postSolution
		{44850237-B76A-4124-A3E9-5369BA62D89E}.Debug|Any CPU.ActiveCfg = Debug|Any CPU
		{44850237-B76A-4124-A3E9-5369BA62D89E}.Debug|Any CPU.Build.0 = Debug|Any CPU
		{44850237-B76A-4124-A3E9-5369BA62D89E}.Release|Any CPU.ActiveCfg = Release|Any CPU
		{44850237-B76A-4124-A3E9-5369BA62D89E}.Release|Any CPU.Build.0 = Release|Any CPU
		{7514F3B9-AB7A-42E3-8DC2-8B07B226AB06}.Debug|Any CPU.ActiveCfg = Debug|Any CPU
		{7514F3B9-AB7A-42E3-8DC2-8B07B226AB06}.Debug|Any CPU.Build.0 = Debug|Any CPU
		{7514F3B9-AB7A-42E3-8DC2-8B07B226AB06}.Release|Any CPU.ActiveCfg = Release|Any CPU
		{7514F3B9-AB7A-42E3-8DC2-8B07B226AB06}.Release|Any CPU.Build.0 = Release|Any CPU
		{7AEFC481-12FA-4CA4-8F75-B5AB12AF3307}.Debug|Any CPU.ActiveCfg = Debug|Any CPU
		{7AEFC481-12FA-4CA4-8F75-B5AB12AF3307}.Debug|Any CPU.Build.0 = Debug|Any CPU
		{7AEFC481-12FA-4CA4-8F75-B5AB12AF3307}.Release|Any CPU.ActiveCfg = Release|Any CPU
		{7AEFC481-12FA-4CA4-8F75-B5AB12AF3307}.Release|Any CPU.Build.0 = Release|Any CPU
	EndGlobalSection
	GlobalSection(SolutionProperties) = preSolution
		HideSolutionNode = FALSE
	EndGlobalSection
EndGlobal
